
Microsoft Visual Studio Solution File, Format Version 12.00
# Visual Studio Version 17
VisualStudioVersion = 17.0.32112.339
MinimumVisualStudioVersion = 10.0.40219.1
Project("{FAE04EC0-301F-11D3-BF4B-00C04F79EFBC}") = "MvcMovie", "MvcMovie.csproj", "{61517F72-B5F5-42E7-AE6A-E3B7FA173A2B}"
EndProject
Global
	GlobalSection(SolutionConfigurationPlatforms) = preSolution
		Debug|Any CPU = Debug|Any CPU
		Release|Any CPU = Release|Any CPU
	EndGlobalSection
	GlobalSection(ProjectConfigurationPlatforms) = postSolution
		{61517F72-B5F5-42E7-AE6A-E3B7FA173A2B}.Debug|Any CPU.ActiveCfg = Debug|Any CPU
		{61517F72-B5F5-42E7-AE6A-E3B7FA173A2B}.Debug|Any CPU.Build.0 = Debug|Any CPU
		{61517F72-B5F5-42E7-AE6A-E3B7FA173A2B}.Release|Any CPU.ActiveCfg = Release|Any CPU
		{61517F72-B5F5-42E7-AE6A-E3B7FA173A2B}.Release|Any CPU.Build.0 = Release|Any CPU
	EndGlobalSection
	GlobalSection(SolutionProperties) = preSolution
		HideSolutionNode = FALSE
	EndGlobalSection
	GlobalSection(ExtensibilityGlobals) = postSolution
		SolutionGuid = {E5D7023B-73C2-4072-8F8A-47E57548F770}
	EndGlobalSection
EndGlobal
